
Microsoft Visual Studio Solution File, Format Version 12.00
# Visual Studio Version 17
VisualStudioVersion = 17.6.33717.318
MinimumVisualStudioVersion = 10.0.40219.1
Project("{FAE04EC0-301F-11D3-BF4B-00C04F79EFBC}") = "AlfaSoft", "AlfaSoft.csproj", "{8C6B6745-AF71-4F97-8EDC-15D414BF3738}"
EndProject
Global
	GlobalSection(SolutionConfigurationPlatforms) = preSolution
		Debug|Any CPU = Debug|Any CPU
		Release|Any CPU = Release|Any CPU
	EndGlobalSection
	GlobalSection(ProjectConfigurationPlatforms) = postSolution
		{8C6B6745-AF71-4F97-8EDC-15D414BF3738}.Debug|Any CPU.ActiveCfg = Debug|Any CPU
		{8C6B6745-AF71-4F97-8EDC-15D414BF3738}.Debug|Any CPU.Build.0 = Debug|Any CPU
		{8C6B6745-AF71-4F97-8EDC-15D414BF3738}.Release|Any CPU.ActiveCfg = Release|Any CPU
		{8C6B6745-AF71-4F97-8EDC-15D414BF3738}.Release|Any CPU.Build.0 = Release|Any CPU
	EndGlobalSection
	GlobalSection(SolutionProperties) = preSolution
		HideSolutionNode = FALSE
	EndGlobalSection
	GlobalSection(ExtensibilityGlobals) = postSolution
		SolutionGuid = {A4F14E8E-0B4C-4EE5-B011-CD2D297F1603}
	EndGlobalSection
EndGlobal
